{
  "version": 4,
  "terraform_version": "1.4.6",
  "serial": 20,
  "lineage": "7b72eb53-002a-4da1-1642-56c228c6f331",
  "outputs": {},
  "resources": [
    {
      "mode": "managed",
      "type": "azurerm_dev_test_global_vm_shutdown_schedule",
      "name": "accept",
      "provider": "provider[\"registry.terraform.io/hashicorp/azurerm\"]",
      "instances": [
        {
          "schema_version": 0,
          "attributes": {
            "daily_recurrence_time": "1900",
            "enabled": true,
            "id": "/subscriptions/41e50375-b926-4bc4-9045-348f359cf721/resourceGroups/alan_ahmad-rg/providers/Microsoft.DevTestLab/schedules/shutdown-computevm-accept-vm",
            "location": "westeurope",
            "notification_settings": [
              {
                "email": "",
                "enabled": false,
                "time_in_minutes": 30,
                "webhook_url": ""
              }
            ],
            "tags": {
              "Pillar": "M Cloud",
              "Role": "Futures",
              "Usage": "Training / Certification related activities"
            },
            "timeouts": null,
            "timezone": "W. Europe Standard Time",
            "virtual_machine_id": "/subscriptions/41e50375-b926-4bc4-9045-348f359cf721/resourceGroups/alan_ahmad-rg/providers/Microsoft.Compute/virtualMachines/accept-vm"
          },
          "sensitive_attributes": [],
          "private": "eyJlMmJmYjczMC1lY2FhLTExZTYtOGY4OC0zNDM2M2JjN2M0YzAiOnsiY3JlYXRlIjoxODAwMDAwMDAwMDAwLCJkZWxldGUiOjE4MDAwMDAwMDAwMDAsInJlYWQiOjMwMDAwMDAwMDAwMCwidXBkYXRlIjoxODAwMDAwMDAwMDAwfX0=",
          "dependencies": [
            "azurerm_linux_virtual_machine.accept",
            "azurerm_network_interface.accept",
            "azurerm_public_ip.accept",
            "azurerm_resource_group.test",
            "azurerm_subnet.accept",
            "azurerm_virtual_network.accept"
          ]
        }
      ]
    },
    {
      "mode": "managed",
      "type": "azurerm_dev_test_global_vm_shutdown_schedule",
      "name": "test",
      "provider": "provider[\"registry.terraform.io/hashicorp/azurerm\"]",
      "instances": [
        {
          "schema_version": 0,
          "attributes": {
            "daily_recurrence_time": "1900",
            "enabled": true,
            "id": "/subscriptions/41e50375-b926-4bc4-9045-348f359cf721/resourceGroups/alan_ahmad-rg/providers/Microsoft.DevTestLab/schedules/shutdown-computevm-testing-vm",
            "location": "westeurope",
            "notification_settings": [
              {
                "email": "",
                "enabled": false,
                "time_in_minutes": 30,
                "webhook_url": ""
              }
            ],
            "tags": {
              "Pillar": "M Cloud",
              "Role": "Futures",
              "Usage": "Training / Certification related activities"
            },
            "timeouts": null,
            "timezone": "W. Europe Standard Time",
            "virtual_machine_id": "/subscriptions/41e50375-b926-4bc4-9045-348f359cf721/resourceGroups/alan_ahmad-rg/providers/Microsoft.Compute/virtualMachines/testing-vm"
          },
          "sensitive_attributes": [],
          "private": "eyJlMmJmYjczMC1lY2FhLTExZTYtOGY4OC0zNDM2M2JjN2M0YzAiOnsiY3JlYXRlIjoxODAwMDAwMDAwMDAwLCJkZWxldGUiOjE4MDAwMDAwMDAwMDAsInJlYWQiOjMwMDAwMDAwMDAwMCwidXBkYXRlIjoxODAwMDAwMDAwMDAwfX0=",
          "dependencies": [
            "azurerm_linux_virtual_machine.test",
            "azurerm_network_interface.test",
            "azurerm_public_ip.test",
            "azurerm_resource_group.test",
            "azurerm_subnet.test",
            "azurerm_virtual_network.test"
          ]
        }
      ]
    },
    {
      "mode": "managed",
      "type": "azurerm_linux_virtual_machine",
      "name": "accept",
      "provider": "provider[\"registry.terraform.io/hashicorp/azurerm\"]",
      "instances": [
        {
          "schema_version": 0,
          "attributes": {
            "additional_capabilities": [],
            "admin_password": null,
            "admin_ssh_key": [
              {
                "public_key": "ssh-rsa AAAAB3NzaC1yc2EAAAADAQABAAACAQDouSZ/61veL4Z3EXqA8H+jxRQ7IGKVBW8alviCMEfznAmHBML/KshUwBS6HLR66+5M+ClEcBXS8lvqWlUfr6R4ghzc3p0Lc3eu5kgI8A+Tx+A1UI4ScpnIyTKfUiwnb0xq1Zm0pMVSruNqHh9Bkgmaw5ypWSPLW8+RH1fNpSmIWiAkinTvrlyignEkJYi/l2BCiWzkpsJp8fVk1C+v9v4zta5bmlIZs/lsb++rElSxKByZYgt3sHlNjSDPG8NQK3A7ajvsHSykd1j6fI+F3ubEzOgDXyi/ZHNiKWC/zqG0CHPsJNlbQXmDkKfCo6qU76XJ0yHyNYcPgdRMMFD4zqzsTENcQP7wFa1zuHX3bRc30gG/a7msi3i0vJ7J31S3Q8Deok9n0JAoZ/F7wfselYKa5QmueyyOL9CRlRScOcMpV/TLrUnjhHVZSaUlyFtBOuxmNSJ5H5gjsypBJSv4k/RuJC5Jwtb8fN1/hi1qTsDY1YtJa/sa90V9qTw8t4QgSbzhOI5+TQB6gXzwDH6Q3P9JL2CScQ5xqikxOiamwhLSeBV4qQIzv6MfWf80ktGxIzVronc2saWSWAp4+AbPzrHedtSh5BAwPL0xdiJ0ZW3+Evl/XRp5YJw1/arE2PJ6GOMD6zxpmmiG/CLqbr1G0Dr5ifYJM8Ne2cPVY9c7cYV4QQ== alan@fedora\n",
                "username": "adminuser"
              }
            ],
            "admin_username": "adminuser",
            "allow_extension_operations": true,
            "availability_set_id": "",
            "boot_diagnostics": [],
            "computer_name": "accept-vm",
            "custom_data": null,
            "dedicated_host_group_id": "",
            "dedicated_host_id": "",
            "disable_password_authentication": true,
            "edge_zone": "",
            "encryption_at_host_enabled": false,
            "eviction_policy": "",
            "extensions_time_budget": "PT1H30M",
            "id": "/subscriptions/41e50375-b926-4bc4-9045-348f359cf721/resourceGroups/alan_ahmad-rg/providers/Microsoft.Compute/virtualMachines/accept-vm",
            "identity": [],
            "license_type": "",
            "location": "westeurope",
            "max_bid_price": -1,
            "name": "accept-vm",
            "network_interface_ids": [
              "/subscriptions/41e50375-b926-4bc4-9045-348f359cf721/resourceGroups/alan_ahmad-rg/providers/Microsoft.Network/networkInterfaces/accept-nic"
            ],
            "os_disk": [
              {
                "caching": "ReadWrite",
                "diff_disk_settings": [],
                "disk_encryption_set_id": "",
                "disk_size_gb": 30,
                "name": "acceptOsDisk",
                "storage_account_type": "Standard_LRS",
                "write_accelerator_enabled": false
              }
            ],
            "patch_mode": "ImageDefault",
            "plan": [],
            "platform_fault_domain": -1,
            "priority": "Regular",
            "private_ip_address": "10.1.0.4",
            "private_ip_addresses": [
              "10.1.0.4"
            ],
            "provision_vm_agent": true,
            "proximity_placement_group_id": "",
            "public_ip_address": "20.224.137.126",
            "public_ip_addresses": [
              "20.224.137.126"
            ],
            "resource_group_name": "alan_ahmad-rg",
            "secret": [],
            "secure_boot_enabled": false,
            "size": "Standard_D2s_v3",
            "source_image_id": "",
            "source_image_reference": [
              {
                "offer": "0001-com-ubuntu-server-focal",
                "publisher": "Canonical",
                "sku": "20_04-lts-gen2",
                "version": "20.04.202209200"
              }
            ],
            "tags": {
              "Pillar": "M Cloud",
              "Role": "Futures",
              "Usage": "Training / Certification related activities"
            },
            "termination_notification": null,
            "timeouts": null,
            "user_data": "",
            "virtual_machine_id": "15ebd640-4049-4647-b4f0-2779a5981407",
            "virtual_machine_scale_set_id": "",
            "vtpm_enabled": false,
            "zone": ""
          },
          "sensitive_attributes": [],
          "private": "eyJlMmJmYjczMC1lY2FhLTExZTYtOGY4OC0zNDM2M2JjN2M0YzAiOnsiY3JlYXRlIjoyNzAwMDAwMDAwMDAwLCJkZWxldGUiOjI3MDAwMDAwMDAwMDAsInJlYWQiOjMwMDAwMDAwMDAwMCwidXBkYXRlIjoyNzAwMDAwMDAwMDAwfX0=",
          "dependencies": [
            "azurerm_network_interface.accept",
            "azurerm_public_ip.accept",
            "azurerm_resource_group.test",
            "azurerm_subnet.accept",
            "azurerm_virtual_network.accept"
          ]
        }
      ]
    },
    {
      "mode": "managed",
      "type": "azurerm_linux_virtual_machine",
      "name": "test",
      "provider": "provider[\"registry.terraform.io/hashicorp/azurerm\"]",
      "instances": [
        {
          "schema_version": 0,
          "attributes": {
            "additional_capabilities": [],
            "admin_password": null,
            "admin_ssh_key": [
              {
                "public_key": "ssh-rsa AAAAB3NzaC1yc2EAAAADAQABAAABgQCoaGT8bffsdx03eL0IRbwdvfxDQT42CLfQzdR8qLZZY8ANgBfW5fCAgXh5WKtp5QbkAZcYiod96eciOH+Y0NDXySZHzc13ljaIhh5+qkgTHT4KXQrulta74jqRac1ZuG3auRcFFo8SzM5Mf4bQnlCNT/dU+QhPo5++ewDDcEKqb/zxGKm71fqDklO5RfGYxFlyV1Z9AUy26dql7Q9RXb1QuqYxonxINvNw+cI17pw8XGcz9N6gAj3SSTRdkyyrzFz3OlExq3pSAJYsJGL2cY5N0qOPoHqSY3JNFiWwPsOLV6aZd7gi/k+N0mhs0L+zO9ebx1nCnn4+/QbA1hq+zcCWXKp/iJhHrrsDsNCZqiY4Ay8ivvkvIVzxUMeIe9cD5FrsItGwWUDc35BOUVcvWZ3qz+3F/kQnmumZf8js2xYyEliyO5D7+AdR5aNE0UhUtZAN45/BAy0gEKefJuBXWo/ZrIDWM9T+UxeFDArXeyCLNsu2uW8t84J2oTfc0fibklc= alan@fedora\n",
                "username": "adminuser"
              }
            ],
            "admin_username": "adminuser",
            "allow_extension_operations": true,
            "availability_set_id": "",
            "boot_diagnostics": [],
            "computer_name": "testing-vm",
            "custom_data": null,
            "dedicated_host_group_id": "",
            "dedicated_host_id": "",
            "disable_password_authentication": true,
            "edge_zone": "",
            "encryption_at_host_enabled": false,
            "eviction_policy": "",
            "extensions_time_budget": "PT1H30M",
            "id": "/subscriptions/41e50375-b926-4bc4-9045-348f359cf721/resourceGroups/alan_ahmad-rg/providers/Microsoft.Compute/virtualMachines/testing-vm",
            "identity": [],
            "license_type": "",
            "location": "westeurope",
            "max_bid_price": -1,
            "name": "testing-vm",
            "network_interface_ids": [
              "/subscriptions/41e50375-b926-4bc4-9045-348f359cf721/resourceGroups/alan_ahmad-rg/providers/Microsoft.Network/networkInterfaces/test-nic"
            ],
            "os_disk": [
              {
                "caching": "ReadWrite",
                "diff_disk_settings": [],
                "disk_encryption_set_id": "",
                "disk_size_gb": 30,
                "name": "testOsDisk",
                "storage_account_type": "Standard_LRS",
                "write_accelerator_enabled": false
              }
            ],
            "patch_mode": "ImageDefault",
            "plan": [],
            "platform_fault_domain": -1,
            "priority": "Regular",
            "private_ip_address": "10.0.1.4",
            "private_ip_addresses": [
              "10.0.1.4"
            ],
            "provision_vm_agent": true,
            "proximity_placement_group_id": "",
            "public_ip_address": "20.234.191.59",
            "public_ip_addresses": [
              "20.234.191.59"
            ],
            "resource_group_name": "alan_ahmad-rg",
            "secret": [],
            "secure_boot_enabled": false,
            "size": "Standard_D2s_v3",
            "source_image_id": "",
            "source_image_reference": [
              {
                "offer": "0001-com-ubuntu-server-focal",
                "publisher": "Canonical",
                "sku": "20_04-lts-gen2",
                "version": "20.04.202209200"
              }
            ],
            "tags": {
              "Pillar": "M Cloud",
              "Role": "Futures",
              "Usage": "Training / Certification related activities"
            },
            "termination_notification": null,
            "timeouts": null,
            "user_data": "",
            "virtual_machine_id": "a9fed53d-407f-4749-85dd-9ff28b97180f",
            "virtual_machine_scale_set_id": "",
            "vtpm_enabled": false,
            "zone": ""
          },
          "sensitive_attributes": [],
          "private": "eyJlMmJmYjczMC1lY2FhLTExZTYtOGY4OC0zNDM2M2JjN2M0YzAiOnsiY3JlYXRlIjoyNzAwMDAwMDAwMDAwLCJkZWxldGUiOjI3MDAwMDAwMDAwMDAsInJlYWQiOjMwMDAwMDAwMDAwMCwidXBkYXRlIjoyNzAwMDAwMDAwMDAwfX0=",
          "dependencies": [
            "azurerm_network_interface.test",
            "azurerm_public_ip.test",
            "azurerm_resource_group.test",
            "azurerm_subnet.test",
            "azurerm_virtual_network.test"
          ]
        }
      ]
    },
    {
      "mode": "managed",
      "type": "azurerm_network_interface",
      "name": "accept",
      "provider": "provider[\"registry.terraform.io/hashicorp/azurerm\"]",
      "instances": [
        {
          "schema_version": 0,
          "attributes": {
            "applied_dns_servers": [],
            "dns_servers": [],
            "edge_zone": "",
            "enable_accelerated_networking": false,
            "enable_ip_forwarding": false,
            "id": "/subscriptions/41e50375-b926-4bc4-9045-348f359cf721/resourceGroups/alan_ahmad-rg/providers/Microsoft.Network/networkInterfaces/accept-nic",
            "internal_dns_name_label": "",
            "internal_domain_name_suffix": "mmp02yyacuiuxovrn2g1ta1omd.ax.internal.cloudapp.net",
            "ip_configuration": [
              {
                "gateway_load_balancer_frontend_ip_configuration_id": "",
                "name": "internal",
                "primary": true,
                "private_ip_address": "10.1.0.4",
                "private_ip_address_allocation": "Dynamic",
                "private_ip_address_version": "IPv4",
                "public_ip_address_id": "/subscriptions/41e50375-b926-4bc4-9045-348f359cf721/resourceGroups/alan_ahmad-rg/providers/Microsoft.Network/publicIPAddresses/accept-pip",
                "subnet_id": "/subscriptions/41e50375-b926-4bc4-9045-348f359cf721/resourceGroups/alan_ahmad-rg/providers/Microsoft.Network/virtualNetworks/accept-vnet/subnets/accept-subnet"
              }
            ],
            "location": "westeurope",
            "mac_address": "",
            "name": "accept-nic",
            "private_ip_address": "10.1.0.4",
            "private_ip_addresses": [
              "10.1.0.4"
            ],
            "resource_group_name": "alan_ahmad-rg",
            "tags": {
              "Pillar": "M Cloud",
              "Role": "Futures",
              "Usage": "Training / Certification related activities"
            },
            "timeouts": null,
            "virtual_machine_id": ""
          },
          "sensitive_attributes": [],
          "private": "eyJlMmJmYjczMC1lY2FhLTExZTYtOGY4OC0zNDM2M2JjN2M0YzAiOnsiY3JlYXRlIjoxODAwMDAwMDAwMDAwLCJkZWxldGUiOjE4MDAwMDAwMDAwMDAsInJlYWQiOjMwMDAwMDAwMDAwMCwidXBkYXRlIjoxODAwMDAwMDAwMDAwfX0=",
          "dependencies": [
            "azurerm_public_ip.accept",
            "azurerm_resource_group.test",
            "azurerm_subnet.accept",
            "azurerm_virtual_network.accept"
          ]
        }
      ]
    },
    {
      "mode": "managed",
      "type": "azurerm_network_interface",
      "name": "test",
      "provider": "provider[\"registry.terraform.io/hashicorp/azurerm\"]",
      "instances": [
        {
          "schema_version": 0,
          "attributes": {
            "applied_dns_servers": [],
            "dns_servers": [],
            "edge_zone": "",
            "enable_accelerated_networking": false,
            "enable_ip_forwarding": false,
            "id": "/subscriptions/41e50375-b926-4bc4-9045-348f359cf721/resourceGroups/alan_ahmad-rg/providers/Microsoft.Network/networkInterfaces/test-nic",
            "internal_dns_name_label": "",
            "internal_domain_name_suffix": "1gxfbpe2antehki0qwijeh2tad.ax.internal.cloudapp.net",
            "ip_configuration": [
              {
                "gateway_load_balancer_frontend_ip_configuration_id": "",
                "name": "internal",
                "primary": true,
                "private_ip_address": "10.0.1.4",
                "private_ip_address_allocation": "Dynamic",
                "private_ip_address_version": "IPv4",
                "public_ip_address_id": "/subscriptions/41e50375-b926-4bc4-9045-348f359cf721/resourceGroups/alan_ahmad-rg/providers/Microsoft.Network/publicIPAddresses/test-pip",
                "subnet_id": "/subscriptions/41e50375-b926-4bc4-9045-348f359cf721/resourceGroups/alan_ahmad-rg/providers/Microsoft.Network/virtualNetworks/test-vnet/subnets/test-subnet"
              }
            ],
            "location": "westeurope",
            "mac_address": "",
            "name": "test-nic",
            "private_ip_address": "10.0.1.4",
            "private_ip_addresses": [
              "10.0.1.4"
            ],
            "resource_group_name": "alan_ahmad-rg",
            "tags": {
              "Pillar": "M Cloud",
              "Role": "Futures",
              "Usage": "Training / Certification related activities"
            },
            "timeouts": null,
            "virtual_machine_id": ""
          },
          "sensitive_attributes": [],
          "private": "eyJlMmJmYjczMC1lY2FhLTExZTYtOGY4OC0zNDM2M2JjN2M0YzAiOnsiY3JlYXRlIjoxODAwMDAwMDAwMDAwLCJkZWxldGUiOjE4MDAwMDAwMDAwMDAsInJlYWQiOjMwMDAwMDAwMDAwMCwidXBkYXRlIjoxODAwMDAwMDAwMDAwfX0=",
          "dependencies": [
            "azurerm_public_ip.test",
            "azurerm_resource_group.test",
            "azurerm_subnet.test",
            "azurerm_virtual_network.test"
          ]
        }
      ]
    },
    {
      "mode": "managed",
      "type": "azurerm_network_security_group",
      "name": "accept",
      "provider": "provider[\"registry.terraform.io/hashicorp/azurerm\"]",
      "instances": [
        {
          "schema_version": 0,
          "attributes": {
            "id": "/subscriptions/41e50375-b926-4bc4-9045-348f359cf721/resourceGroups/alan_ahmad-rg/providers/Microsoft.Network/networkSecurityGroups/accept-nsg",
            "location": "westeurope",
            "name": "accept-nsg",
            "resource_group_name": "alan_ahmad-rg",
            "security_rule": [],
            "tags": {
              "Pillar": "M Cloud",
              "Role": "Futures",
              "Usage": "Training / Certification related activities"
            },
            "timeouts": null
          },
          "sensitive_attributes": [],
          "private": "eyJlMmJmYjczMC1lY2FhLTExZTYtOGY4OC0zNDM2M2JjN2M0YzAiOnsiY3JlYXRlIjoxODAwMDAwMDAwMDAwLCJkZWxldGUiOjE4MDAwMDAwMDAwMDAsInJlYWQiOjMwMDAwMDAwMDAwMCwidXBkYXRlIjoxODAwMDAwMDAwMDAwfX0=",
          "dependencies": [
            "azurerm_resource_group.test"
          ]
        }
      ]
    },
    {
      "mode": "managed",
      "type": "azurerm_network_security_group",
      "name": "test",
      "provider": "provider[\"registry.terraform.io/hashicorp/azurerm\"]",
      "instances": [
        {
          "schema_version": 0,
          "attributes": {
            "id": "/subscriptions/41e50375-b926-4bc4-9045-348f359cf721/resourceGroups/alan_ahmad-rg/providers/Microsoft.Network/networkSecurityGroups/test-nsg",
            "location": "westeurope",
            "name": "test-nsg",
            "resource_group_name": "alan_ahmad-rg",
            "security_rule": [],
            "tags": {
              "Pillar": "M Cloud",
              "Role": "Futures",
              "Usage": "Training / Certification related activities"
            },
            "timeouts": null
          },
          "sensitive_attributes": [],
          "private": "eyJlMmJmYjczMC1lY2FhLTExZTYtOGY4OC0zNDM2M2JjN2M0YzAiOnsiY3JlYXRlIjoxODAwMDAwMDAwMDAwLCJkZWxldGUiOjE4MDAwMDAwMDAwMDAsInJlYWQiOjMwMDAwMDAwMDAwMCwidXBkYXRlIjoxODAwMDAwMDAwMDAwfX0=",
          "dependencies": [
            "azurerm_resource_group.test"
          ]
        }
      ]
    },
    {
      "mode": "managed",
      "type": "azurerm_network_security_rule",
      "name": "accept",
      "provider": "provider[\"registry.terraform.io/hashicorp/azurerm\"]",
      "instances": [
        {
          "schema_version": 0,
          "attributes": {
            "access": "Allow",
            "description": "",
            "destination_address_prefix": "*",
            "destination_address_prefixes": null,
            "destination_application_security_group_ids": null,
            "destination_port_range": "*",
            "destination_port_ranges": null,
            "direction": "Inbound",
            "id": "/subscriptions/41e50375-b926-4bc4-9045-348f359cf721/resourceGroups/alan_ahmad-rg/providers/Microsoft.Network/networkSecurityGroups/accept-nsg/securityRules/accept-rule",
            "name": "accept-rule",
            "network_security_group_name": "accept-nsg",
            "priority": 100,
            "protocol": "*",
            "resource_group_name": "alan_ahmad-rg",
            "source_address_prefix": "*",
            "source_address_prefixes": null,
            "source_application_security_group_ids": null,
            "source_port_range": "*",
            "source_port_ranges": null,
            "timeouts": null
          },
          "sensitive_attributes": [],
          "private": "eyJlMmJmYjczMC1lY2FhLTExZTYtOGY4OC0zNDM2M2JjN2M0YzAiOnsiY3JlYXRlIjoxODAwMDAwMDAwMDAwLCJkZWxldGUiOjE4MDAwMDAwMDAwMDAsInJlYWQiOjMwMDAwMDAwMDAwMCwidXBkYXRlIjoxODAwMDAwMDAwMDAwfX0=",
          "dependencies": [
            "azurerm_network_security_group.accept",
            "azurerm_resource_group.test"
          ]
        }
      ]
    },
    {
      "mode": "managed",
      "type": "azurerm_network_security_rule",
      "name": "test",
      "provider": "provider[\"registry.terraform.io/hashicorp/azurerm\"]",
      "instances": [
        {
          "schema_version": 0,
          "attributes": {
            "access": "Allow",
            "description": "",
            "destination_address_prefix": "*",
            "destination_address_prefixes": null,
            "destination_application_security_group_ids": null,
            "destination_port_range": "*",
            "destination_port_ranges": null,
            "direction": "Inbound",
            "id": "/subscriptions/41e50375-b926-4bc4-9045-348f359cf721/resourceGroups/alan_ahmad-rg/providers/Microsoft.Network/networkSecurityGroups/test-nsg/securityRules/test-rule",
            "name": "test-rule",
            "network_security_group_name": "test-nsg",
            "priority": 100,
            "protocol": "*",
            "resource_group_name": "alan_ahmad-rg",
            "source_address_prefix": "*",
            "source_address_prefixes": null,
            "source_application_security_group_ids": null,
            "source_port_range": "*",
            "source_port_ranges": null,
            "timeouts": null
          },
          "sensitive_attributes": [],
          "private": "eyJlMmJmYjczMC1lY2FhLTExZTYtOGY4OC0zNDM2M2JjN2M0YzAiOnsiY3JlYXRlIjoxODAwMDAwMDAwMDAwLCJkZWxldGUiOjE4MDAwMDAwMDAwMDAsInJlYWQiOjMwMDAwMDAwMDAwMCwidXBkYXRlIjoxODAwMDAwMDAwMDAwfX0=",
          "dependencies": [
            "azurerm_network_security_group.test",
            "azurerm_resource_group.test"
          ]
        }
      ]
    },
    {
      "mode": "managed",
      "type": "azurerm_public_ip",
      "name": "accept",
      "provider": "provider[\"registry.terraform.io/hashicorp/azurerm\"]",
      "instances": [
        {
          "schema_version": 0,
          "attributes": {
            "allocation_method": "Static",
            "domain_name_label": "xptpetclinic",
            "edge_zone": "",
            "fqdn": "xptpetclinic.westeurope.cloudapp.azure.com",
            "id": "/subscriptions/41e50375-b926-4bc4-9045-348f359cf721/resourceGroups/alan_ahmad-rg/providers/Microsoft.Network/publicIPAddresses/accept-pip",
            "idle_timeout_in_minutes": 4,
            "ip_address": "20.224.137.126",
            "ip_tags": {},
            "ip_version": "IPv4",
            "location": "westeurope",
            "name": "accept-pip",
            "public_ip_prefix_id": null,
            "resource_group_name": "alan_ahmad-rg",
            "reverse_fqdn": "",
            "sku": "Basic",
            "sku_tier": "Regional",
            "tags": {
              "Pillar": "M Cloud",
              "Role": "Futures",
              "Usage": "Training / Certification related activities"
            },
            "timeouts": {
              "create": null,
              "delete": null,
              "read": null,
              "update": null
            },
            "zones": []
          },
          "sensitive_attributes": [],
          "private": "eyJlMmJmYjczMC1lY2FhLTExZTYtOGY4OC0zNDM2M2JjN2M0YzAiOnsiY3JlYXRlIjoxODAwMDAwMDAwMDAwLCJkZWxldGUiOjE4MDAwMDAwMDAwMDAsInJlYWQiOjMwMDAwMDAwMDAwMCwidXBkYXRlIjoxODAwMDAwMDAwMDAwfSwic2NoZW1hX3ZlcnNpb24iOiIwIn0=",
          "dependencies": [
            "azurerm_resource_group.test"
          ]
        }
      ]
    },
    {
      "mode": "managed",
      "type": "azurerm_public_ip",
      "name": "test",
      "provider": "provider[\"registry.terraform.io/hashicorp/azurerm\"]",
      "instances": [
        {
          "schema_version": 0,
          "attributes": {
            "allocation_method": "Static",
            "domain_name_label": "testpetclinic",
            "edge_zone": "",
            "fqdn": "testpetclinic.westeurope.cloudapp.azure.com",
            "id": "/subscriptions/41e50375-b926-4bc4-9045-348f359cf721/resourceGroups/alan_ahmad-rg/providers/Microsoft.Network/publicIPAddresses/test-pip",
            "idle_timeout_in_minutes": 4,
            "ip_address": "20.234.191.59",
            "ip_tags": {},
            "ip_version": "IPv4",
            "location": "westeurope",
            "name": "test-pip",
            "public_ip_prefix_id": null,
            "resource_group_name": "alan_ahmad-rg",
            "reverse_fqdn": "",
            "sku": "Basic",
            "sku_tier": "Regional",
            "tags": {
              "Pillar": "M Cloud",
              "Role": "Futures",
              "Usage": "Training / Certification related activities"
            },
            "timeouts": {
              "create": null,
              "delete": null,
              "read": null,
              "update": null
            },
            "zones": []
          },
          "sensitive_attributes": [],
          "private": "eyJlMmJmYjczMC1lY2FhLTExZTYtOGY4OC0zNDM2M2JjN2M0YzAiOnsiY3JlYXRlIjoxODAwMDAwMDAwMDAwLCJkZWxldGUiOjE4MDAwMDAwMDAwMDAsInJlYWQiOjMwMDAwMDAwMDAwMCwidXBkYXRlIjoxODAwMDAwMDAwMDAwfSwic2NoZW1hX3ZlcnNpb24iOiIwIn0=",
          "dependencies": [
            "azurerm_resource_group.test"
          ]
        }
      ]
    },
    {
      "mode": "managed",
      "type": "azurerm_resource_group",
      "name": "test",
      "provider": "provider[\"registry.terraform.io/hashicorp/azurerm\"]",
      "instances": [
        {
          "schema_version": 0,
          "attributes": {
            "id": "/subscriptions/41e50375-b926-4bc4-9045-348f359cf721/resourceGroups/alan_ahmad-rg",
            "location": "westeurope",
            "name": "alan_ahmad-rg",
            "tags": {
              "Pillar": "M Cloud",
              "Role": "Futures",
              "Tier": "Personal",
              "Usage": "Training / Certification related activities"
            },
            "timeouts": {
              "create": null,
              "delete": null,
              "read": null,
              "update": null
            }
          },
          "sensitive_attributes": [],
          "private": "eyJlMmJmYjczMC1lY2FhLTExZTYtOGY4OC0zNDM2M2JjN2M0YzAiOnsiY3JlYXRlIjo1NDAwMDAwMDAwMDAwLCJkZWxldGUiOjU0MDAwMDAwMDAwMDAsInJlYWQiOjMwMDAwMDAwMDAwMCwidXBkYXRlIjo1NDAwMDAwMDAwMDAwfSwic2NoZW1hX3ZlcnNpb24iOiIwIn0="
        }
      ]
    },
    {
      "mode": "managed",
      "type": "azurerm_subnet",
      "name": "accept",
      "provider": "provider[\"registry.terraform.io/hashicorp/azurerm\"]",
      "instances": [
        {
          "schema_version": 0,
          "attributes": {
            "address_prefixes": [
              "10.1.0.0/24"
            ],
            "delegation": [],
            "enforce_private_link_endpoint_network_policies": false,
            "enforce_private_link_service_network_policies": false,
            "id": "/subscriptions/41e50375-b926-4bc4-9045-348f359cf721/resourceGroups/alan_ahmad-rg/providers/Microsoft.Network/virtualNetworks/accept-vnet/subnets/accept-subnet",
            "name": "accept-subnet",
            "resource_group_name": "alan_ahmad-rg",
            "service_endpoint_policy_ids": null,
            "service_endpoints": null,
            "timeouts": null,
            "virtual_network_name": "accept-vnet"
          },
          "sensitive_attributes": [],
          "private": "eyJlMmJmYjczMC1lY2FhLTExZTYtOGY4OC0zNDM2M2JjN2M0YzAiOnsiY3JlYXRlIjoxODAwMDAwMDAwMDAwLCJkZWxldGUiOjE4MDAwMDAwMDAwMDAsInJlYWQiOjMwMDAwMDAwMDAwMCwidXBkYXRlIjoxODAwMDAwMDAwMDAwfX0=",
          "dependencies": [
            "azurerm_resource_group.test",
            "azurerm_virtual_network.accept"
          ]
        }
      ]
    },
    {
      "mode": "managed",
      "type": "azurerm_subnet",
      "name": "test",
      "provider": "provider[\"registry.terraform.io/hashicorp/azurerm\"]",
      "instances": [
        {
          "schema_version": 0,
          "attributes": {
            "address_prefixes": [
              "10.0.1.0/24"
            ],
            "delegation": [],
            "enforce_private_link_endpoint_network_policies": false,
            "enforce_private_link_service_network_policies": false,
            "id": "/subscriptions/41e50375-b926-4bc4-9045-348f359cf721/resourceGroups/alan_ahmad-rg/providers/Microsoft.Network/virtualNetworks/test-vnet/subnets/test-subnet",
            "name": "test-subnet",
            "resource_group_name": "alan_ahmad-rg",
            "service_endpoint_policy_ids": null,
            "service_endpoints": null,
            "timeouts": null,
            "virtual_network_name": "test-vnet"
          },
          "sensitive_attributes": [],
          "private": "eyJlMmJmYjczMC1lY2FhLTExZTYtOGY4OC0zNDM2M2JjN2M0YzAiOnsiY3JlYXRlIjoxODAwMDAwMDAwMDAwLCJkZWxldGUiOjE4MDAwMDAwMDAwMDAsInJlYWQiOjMwMDAwMDAwMDAwMCwidXBkYXRlIjoxODAwMDAwMDAwMDAwfX0=",
          "dependencies": [
            "azurerm_resource_group.test",
            "azurerm_virtual_network.test"
          ]
        }
      ]
    },
    {
      "mode": "managed",
      "type": "azurerm_subnet_network_security_group_association",
      "name": "accept",
      "provider": "provider[\"registry.terraform.io/hashicorp/azurerm\"]",
      "instances": [
        {
          "schema_version": 0,
          "attributes": {
            "id": "/subscriptions/41e50375-b926-4bc4-9045-348f359cf721/resourceGroups/alan_ahmad-rg/providers/Microsoft.Network/virtualNetworks/accept-vnet/subnets/accept-subnet",
            "network_security_group_id": "/subscriptions/41e50375-b926-4bc4-9045-348f359cf721/resourceGroups/alan_ahmad-rg/providers/Microsoft.Network/networkSecurityGroups/accept-nsg",
            "subnet_id": "/subscriptions/41e50375-b926-4bc4-9045-348f359cf721/resourceGroups/alan_ahmad-rg/providers/Microsoft.Network/virtualNetworks/accept-vnet/subnets/accept-subnet",
            "timeouts": null
          },
          "sensitive_attributes": [],
          "private": "eyJlMmJmYjczMC1lY2FhLTExZTYtOGY4OC0zNDM2M2JjN2M0YzAiOnsiY3JlYXRlIjoxODAwMDAwMDAwMDAwLCJkZWxldGUiOjE4MDAwMDAwMDAwMDAsInJlYWQiOjMwMDAwMDAwMDAwMCwidXBkYXRlIjoxODAwMDAwMDAwMDAwfX0=",
          "dependencies": [
            "azurerm_network_security_group.accept",
            "azurerm_resource_group.test",
            "azurerm_subnet.accept",
            "azurerm_virtual_network.accept"
          ]
        }
      ]
    },
    {
      "mode": "managed",
      "type": "azurerm_subnet_network_security_group_association",
      "name": "test",
      "provider": "provider[\"registry.terraform.io/hashicorp/azurerm\"]",
      "instances": [
        {
          "schema_version": 0,
          "attributes": {
            "id": "/subscriptions/41e50375-b926-4bc4-9045-348f359cf721/resourceGroups/alan_ahmad-rg/providers/Microsoft.Network/virtualNetworks/test-vnet/subnets/test-subnet",
            "network_security_group_id": "/subscriptions/41e50375-b926-4bc4-9045-348f359cf721/resourceGroups/alan_ahmad-rg/providers/Microsoft.Network/networkSecurityGroups/test-nsg",
            "subnet_id": "/subscriptions/41e50375-b926-4bc4-9045-348f359cf721/resourceGroups/alan_ahmad-rg/providers/Microsoft.Network/virtualNetworks/test-vnet/subnets/test-subnet",
            "timeouts": null
          },
          "sensitive_attributes": [],
          "private": "eyJlMmJmYjczMC1lY2FhLTExZTYtOGY4OC0zNDM2M2JjN2M0YzAiOnsiY3JlYXRlIjoxODAwMDAwMDAwMDAwLCJkZWxldGUiOjE4MDAwMDAwMDAwMDAsInJlYWQiOjMwMDAwMDAwMDAwMCwidXBkYXRlIjoxODAwMDAwMDAwMDAwfX0=",
          "dependencies": [
            "azurerm_network_security_group.test",
            "azurerm_resource_group.test",
            "azurerm_subnet.test",
            "azurerm_virtual_network.test"
          ]
        }
      ]
    },
    {
      "mode": "managed",
      "type": "azurerm_virtual_network",
      "name": "accept",
      "provider": "provider[\"registry.terraform.io/hashicorp/azurerm\"]",
      "instances": [
        {
          "schema_version": 0,
          "attributes": {
            "address_space": [
              "10.1.0.0/16"
            ],
            "bgp_community": "",
            "ddos_protection_plan": [],
            "dns_servers": [],
            "edge_zone": "",
            "flow_timeout_in_minutes": 0,
            "guid": "63ae1f63-1500-4b11-bab1-6f0db9836e63",
            "id": "/subscriptions/41e50375-b926-4bc4-9045-348f359cf721/resourceGroups/alan_ahmad-rg/providers/Microsoft.Network/virtualNetworks/accept-vnet",
            "location": "westeurope",
            "name": "accept-vnet",
            "resource_group_name": "alan_ahmad-rg",
            "subnet": [],
            "tags": {
              "Pillar": "M Cloud",
              "Role": "Futures",
              "Usage": "Training / Certification related activities"
            },
            "timeouts": null
          },
          "sensitive_attributes": [],
          "private": "eyJlMmJmYjczMC1lY2FhLTExZTYtOGY4OC0zNDM2M2JjN2M0YzAiOnsiY3JlYXRlIjoxODAwMDAwMDAwMDAwLCJkZWxldGUiOjE4MDAwMDAwMDAwMDAsInJlYWQiOjMwMDAwMDAwMDAwMCwidXBkYXRlIjoxODAwMDAwMDAwMDAwfX0=",
          "dependencies": [
            "azurerm_resource_group.test"
          ]
        }
      ]
    },
    {
      "mode": "managed",
      "type": "azurerm_virtual_network",
      "name": "test",
      "provider": "provider[\"registry.terraform.io/hashicorp/azurerm\"]",
      "instances": [
        {
          "schema_version": 0,
          "attributes": {
            "address_space": [
              "10.0.0.0/16"
            ],
            "bgp_community": "",
            "ddos_protection_plan": [],
            "dns_servers": [],
            "edge_zone": "",
            "flow_timeout_in_minutes": 0,
            "guid": "bc50aed9-039c-4366-a91a-8590921f9303",
            "id": "/subscriptions/41e50375-b926-4bc4-9045-348f359cf721/resourceGroups/alan_ahmad-rg/providers/Microsoft.Network/virtualNetworks/test-vnet",
            "location": "westeurope",
            "name": "test-vnet",
            "resource_group_name": "alan_ahmad-rg",
            "subnet": [],
            "tags": {
              "Pillar": "M Cloud",
              "Role": "Futures",
              "Usage": "Training / Certification related activities"
            },
            "timeouts": null
          },
          "sensitive_attributes": [],
          "private": "eyJlMmJmYjczMC1lY2FhLTExZTYtOGY4OC0zNDM2M2JjN2M0YzAiOnsiY3JlYXRlIjoxODAwMDAwMDAwMDAwLCJkZWxldGUiOjE4MDAwMDAwMDAwMDAsInJlYWQiOjMwMDAwMDAwMDAwMCwidXBkYXRlIjoxODAwMDAwMDAwMDAwfX0=",
          "dependencies": [
            "azurerm_resource_group.test"
          ]
        }
      ]
    }
  ],
  "check_results": null
}
